{
    "_readme": [
        "This file locks the dependencies of your project to a known state",
        "Read more about it at https://getcomposer.org/doc/01-basic-usage.md#composer-lock-the-lock-file",
        "This file is @generated automatically"
    ],
    "hash": "9a5178e48237d79a6e850c5df92f21f9",
    "content-hash": "77ed649843696a500a59abe7a3d700de",
    "packages": [
        {
            "name": "stil/xpath-selector",
            "version": "2.0",
            "source": {
                "type": "git",
                "url": "https://github.com/stil/xpath-selector.git",
                "reference": "06b40813095e14ddc0c4dbf7e7108f83279514d7"
            },
            "dist": {
                "type": "zip",
                "url": "https://api.github.com/repos/stil/xpath-selector/zipball/06b40813095e14ddc0c4dbf7e7108f83279514d7",
                "reference": "06b40813095e14ddc0c4dbf7e7108f83279514d7",
                "shasum": ""
            },
            "type": "library",
            "autoload": {
                "psr-4": {
                    "XPathSelector\\": "src/"
                }
            },
            "notification-url": "https://packagist.org/downloads/",
            "time": "2014-12-08 16:54:18"
        },
        {
            "name": "symfony/css-selector",
            "version": "v3.2.4",
            "source": {
                "type": "git",
                "url": "https://github.com/symfony/css-selector.git",
                "reference": "f0e628f04fc055c934b3211cfabdb1c59eefbfaa"
            },
            "dist": {
                "type": "zip",
                "url": "https://api.github.com/repos/symfony/css-selector/zipball/f0e628f04fc055c934b3211cfabdb1c59eefbfaa",
                "reference": "f0e628f04fc055c934b3211cfabdb1c59eefbfaa",
                "shasum": ""
            },
            "require": {
                "php": ">=5.5.9"
            },
            "type": "library",
            "extra": {
                "branch-alias": {
                    "dev-master": "3.2-dev"
                }
            },
            "autoload": {
                "psr-4": {
                    "Symfony\\Component\\CssSelector\\": ""
                },
                "exclude-from-classmap": [
                    "/Tests/"
                ]
            },
            "notification-url": "https://packagist.org/downloads/",
            "license": [
                "MIT"
            ],
            "authors": [
                {
                    "name": "Jean-François Simon",
                    "email": "jeanfrancois.simon@sensiolabs.com"
                },
                {
                    "name": "Fabien Potencier",
                    "email": "fabien@symfony.com"
                },
                {
                    "name": "Symfony Community",
                    "homepage": "https://symfony.com/contributors"
                }
            ],
            "description": "Symfony CssSelector Component",
            "homepage": "https://symfony.com",
            "time": "2017-01-02 20:32:22"
        }
    ],
    "packages-dev": [],
    "aliases": [],
    "minimum-stability": "stable",
    "stability-flags": [],
    "prefer-stable": false,
    "prefer-lowest": false,
    "platform": [],
    "platform-dev": []
}
